// !$*UTF8*$!
{
	archiveVersion = 1;
	classes = {
	};
	objectVersion = 46;
	objects = {

/* Begin PBXBuildFile section */
		2707B21F1D0938C8005082F7 /* main.m in Sources */ = {isa = PBXBuildFile; fileRef = 2707B21E1D0938C8005082F7 /* main.m */; };
		2707B2221D0938C8005082F7 /* AppDelegate.m in Sources */ = {isa = PBXBuildFile; fileRef = 2707B2211D0938C8005082F7 /* AppDelegate.m */; };
		2707B2251D0938C8005082F7 /* GuideViewController.m in Sources */ = {isa = PBXBuildFile; fileRef = 2707B2241D0938C8005082F7 /* GuideViewController.m */; };
		2707B2281D0938C8005082F7 /* Main.storyboard in Resources */ = {isa = PBXBuildFile; fileRef = 2707B2261D0938C8005082F7 /* Main.storyboard */; };
		2707B22A1D0938C8005082F7 /* Assets.xcassets in Resources */ = {isa = PBXBuildFile; fileRef = 2707B2291D0938C8005082F7 /* Assets.xcassets */; };
		2707B2381D0938C8005082F7 /* ChallengeOneTests.m in Sources */ = {isa = PBXBuildFile; fileRef = 2707B2371D0938C8005082F7 /* ChallengeOneTests.m */; };
		2707B2451D09459A005082F7 /* GuideCell.xib in Resources */ = {isa = PBXBuildFile; fileRef = 2707B2441D09459A005082F7 /* GuideCell.xib */; };
		2707B2481D094639005082F7 /* GuideCell.m in Sources */ = {isa = PBXBuildFile; fileRef = 2707B2471D094639005082F7 /* GuideCell.m */; };
		2707B24B1D094CC8005082F7 /* Guide.m in Sources */ = {isa = PBXBuildFile; fileRef = 2707B24A1D094CC8005082F7 /* Guide.m */; };
		E775BBFD735880943CA01501 /* Pods_ChallengeOne.framework in Frameworks */ = {isa = PBXBuildFile; fileRef = 4934C854F47651862E3662A8 /* Pods_ChallengeOne.framework */; };
/* End PBXBuildFile section */

/* Begin PBXContainerItemProxy section */
		2707B2341D0938C8005082F7 /* PBXContainerItemProxy */ = {
			isa = PBXContainerItemProxy;
			containerPortal = 2707B2121D0938C8005082F7 /* Project object */;
			proxyType = 1;
			remoteGlobalIDString = 2707B2191D0938C8005082F7;
			remoteInfo = ChallengeOne;
		};
/* End PBXContainerItemProxy section */

/* Begin PBXFileReference section */
		2707B21A1D0938C8005082F7 /* ChallengeOne.app */ = {isa = PBXFileReference; explicitFileType = wrapper.application; includeInIndex = 0; path = ChallengeOne.app; sourceTree = BUILT_PRODUCTS_DIR; };
		2707B21E1D0938C8005082F7 /* main.m */ = {isa = PBXFileReference; lastKnownFileType = sourcecode.c.objc; path = main.m; sourceTree = "<group>"; };
		2707B2201D0938C8005082F7 /* AppDelegate.h */ = {isa = PBXFileReference; lastKnownFileType = sourcecode.c.h; path = AppDelegate.h; sourceTree = "<group>"; };
		2707B2211D0938C8005082F7 /* AppDelegate.m */ = {isa = PBXFileReference; lastKnownFileType = sourcecode.c.objc; path = AppDelegate.m; sourceTree = "<group>"; };
		2707B2231D0938C8005082F7 /* GuideViewController.h */ = {isa = PBXFileReference; lastKnownFileType = sourcecode.c.h; path = GuideViewController.h; sourceTree = "<group>"; };
		2707B2241D0938C8005082F7 /* GuideViewController.m */ = {isa = PBXFileReference; lastKnownFileType = sourcecode.c.objc; path = GuideViewController.m; sourceTree = "<group>"; };
		2707B2271D0938C8005082F7 /* Base */ = {isa = PBXFileReference; lastKnownFileType = file.storyboard; name = Base; path = Base.lproj/Main.storyboard; sourceTree = "<group>"; };
		2707B2291D0938C8005082F7 /* Assets.xcassets */ = {isa = PBXFileReference; lastKnownFileType = folder.assetcatalog; path = Assets.xcassets; sourceTree = "<group>"; };
		2707B22E1D0938C8005082F7 /* Info.plist */ = {isa = PBXFileReference; lastKnownFileType = text.plist.xml; path = Info.plist; sourceTree = "<group>"; };
		2707B2331D0938C8005082F7 /* ChallengeOneTests.xctest */ = {isa = PBXFileReference; explicitFileType = wrapper.cfbundle; includeInIndex = 0; path = ChallengeOneTests.xctest; sourceTree = BUILT_PRODUCTS_DIR; };
		2707B2371D0938C8005082F7 /* ChallengeOneTests.m */ = {isa = PBXFileReference; lastKnownFileType = sourcecode.c.objc; path = ChallengeOneTests.m; sourceTree = "<group>"; };
		2707B2391D0938C8005082F7 /* Info.plist */ = {isa = PBXFileReference; lastKnownFileType = text.plist.xml; path = Info.plist; sourceTree = "<group>"; };
		2707B2441D09459A005082F7 /* GuideCell.xib */ = {isa = PBXFileReference; fileEncoding = 4; lastKnownFileType = file.xib; path = GuideCell.xib; sourceTree = "<group>"; };
		2707B2461D094639005082F7 /* GuideCell.h */ = {isa = PBXFileReference; fileEncoding = 4; lastKnownFileType = sourcecode.c.h; path = GuideCell.h; sourceTree = "<group>"; };
		2707B2471D094639005082F7 /* GuideCell.m */ = {isa = PBXFileReference; fileEncoding = 4; lastKnownFileType = sourcecode.c.objc; path = GuideCell.m; sourceTree = "<group>"; };
		2707B2491D094CC8005082F7 /* Guide.h */ = {isa = PBXFileReference; fileEncoding = 4; lastKnownFileType = sourcecode.c.h; path = Guide.h; sourceTree = "<group>"; };
		2707B24A1D094CC8005082F7 /* Guide.m */ = {isa = PBXFileReference; fileEncoding = 4; lastKnownFileType = sourcecode.c.objc; path = Guide.m; sourceTree = "<group>"; };
		28584121E6F959921BB168B7 /* Pods-ChallengeOne.debug.xcconfig */ = {isa = PBXFileReference; includeInIndex = 1; lastKnownFileType = text.xcconfig; name = "Pods-ChallengeOne.debug.xcconfig"; path = "Pods/Target Support Files/Pods-ChallengeOne/Pods-ChallengeOne.debug.xcconfig"; sourceTree = "<group>"; };
		4934C854F47651862E3662A8 /* Pods_ChallengeOne.framework */ = {isa = PBXFileReference; explicitFileType = wrapper.framework; includeInIndex = 0; path = Pods_ChallengeOne.framework; sourceTree = BUILT_PRODUCTS_DIR; };
		BA993E8F20FFD75A406A407B /* Pods-ChallengeOne.release.xcconfig */ = {isa = PBXFileReference; includeInIndex = 1; lastKnownFileType = text.xcconfig; name = "Pods-ChallengeOne.release.xcconfig"; path = "Pods/Target Support Files/Pods-ChallengeOne/Pods-ChallengeOne.release.xcconfig"; sourceTree = "<group>"; };
/* End PBXFileReference section */

/* Begin PBXFrameworksBuildPhase section */
		2707B2171D0938C8005082F7 /* Frameworks */ = {
			isa = PBXFrameworksBuildPhase;
			buildActionMask = 2147483647;
			files = (
				E775BBFD735880943CA01501 /* Pods_ChallengeOne.framework in Frameworks */,
			);
			runOnlyForDeploymentPostprocessing = 0;
		};
		2707B2301D0938C8005082F7 /* Frameworks */ = {
			isa = PBXFrameworksBuildPhase;
			buildActionMask = 2147483647;
			files = (
			);
			runOnlyForDeploymentPostprocessing = 0;
		};
/* End PBXFrameworksBuildPhase section */

/* Begin PBXGroup section */
		2707B2111D0938C8005082F7 = {
			isa = PBXGroup;
			children = (
				2707B21C1D0938C8005082F7 /* ChallengeOne */,
				2707B2361D0938C8005082F7 /* ChallengeOneTests */,
				2707B21B1D0938C8005082F7 /* Products */,
				6CFF51199369F54BCEFB7A79 /* Pods */,
				FDC308E474BD84EC0A4ACD26 /* Frameworks */,
			);
			sourceTree = "<group>";
		};
		2707B21B1D0938C8005082F7 /* Products */ = {
			isa = PBXGroup;
			children = (
				2707B21A1D0938C8005082F7 /* ChallengeOne.app */,
				2707B2331D0938C8005082F7 /* ChallengeOneTests.xctest */,
			);
			name = Products;
			sourceTree = "<group>";
		};
		2707B21C1D0938C8005082F7 /* ChallengeOne */ = {
			isa = PBXGroup;
			children = (
				2707B2201D0938C8005082F7 /* AppDelegate.h */,
				2707B2211D0938C8005082F7 /* AppDelegate.m */,
				2707B2231D0938C8005082F7 /* GuideViewController.h */,
				2707B2241D0938C8005082F7 /* GuideViewController.m */,
				2707B2261D0938C8005082F7 /* Main.storyboard */,
				2707B2291D0938C8005082F7 /* Assets.xcassets */,
				2707B22E1D0938C8005082F7 /* Info.plist */,
				2707B21D1D0938C8005082F7 /* Supporting Files */,
				2707B2441D09459A005082F7 /* GuideCell.xib */,
				2707B2461D094639005082F7 /* GuideCell.h */,
				2707B2471D094639005082F7 /* GuideCell.m */,
				2707B2491D094CC8005082F7 /* Guide.h */,
				2707B24A1D094CC8005082F7 /* Guide.m */,
			);
			path = ChallengeOne;
			sourceTree = "<group>";
		};
		2707B21D1D0938C8005082F7 /* Supporting Files */ = {
			isa = PBXGroup;
			children = (
				2707B21E1D0938C8005082F7 /* main.m */,
			);
			name = "Supporting Files";
			sourceTree = "<group>";
		};
		2707B2361D0938C8005082F7 /* ChallengeOneTests */ = {
			isa = PBXGroup;
			children = (
				2707B2371D0938C8005082F7 /* ChallengeOneTests.m */,
				2707B2391D0938C8005082F7 /* Info.plist */,
			);
			path = ChallengeOneTests;
			sourceTree = "<group>";
		};
		6CFF51199369F54BCEFB7A79 /* Pods */ = {
			isa = PBXGroup;
			children = (
				28584121E6F959921BB168B7 /* Pods-ChallengeOne.debug.xcconfig */,
				BA993E8F20FFD75A406A407B /* Pods-ChallengeOne.release.xcconfig */,
			);
			name = Pods;
			sourceTree = "<group>";
		};
		FDC308E474BD84EC0A4ACD26 /* Frameworks */ = {
			isa = PBXGroup;
			children = (
				4934C854F47651862E3662A8 /* Pods_ChallengeOne.framework */,
			);
			name = Frameworks;
			sourceTree = "<group>";
		};
/* End PBXGroup section */

/* Begin PBXNativeTarget section */
		2707B2191D0938C8005082F7 /* ChallengeOne */ = {
			isa = PBXNativeTarget;
			buildConfigurationList = 2707B23C1D0938C8005082F7 /* Build configuration list for PBXNativeTarget "ChallengeOne" */;
			buildPhases = (
				656513EC1BC7E6BA55DE0554 /* Check Pods Manifest.lock */,
				2707B2161D0938C8005082F7 /* Sources */,
				2707B2171D0938C8005082F7 /* Frameworks */,
				2707B2181D0938C8005082F7 /* Resources */,
				283E888AD081EA25D7763512 /* Embed Pods Frameworks */,
				4892EE4E915AE24968E36277 /* Copy Pods Resources */,
			);
			buildRules = (
			);
			dependencies = (
			);
			name = ChallengeOne;
			productName = ChallengeOne;
			productReference = 2707B21A1D0938C8005082F7 /* ChallengeOne.app */;
			productType = "com.apple.product-type.application";
		};
		2707B2321D0938C8005082F7 /* ChallengeOneTests */ = {
			isa = PBXNativeTarget;
			buildConfigurationList = 2707B23F1D0938C8005082F7 /* Build configuration list for PBXNativeTarget "ChallengeOneTests" */;
			buildPhases = (
				2707B22F1D0938C8005082F7 /* Sources */,
				2707B2301D0938C8005082F7 /* Frameworks */,
				2707B2311D0938C8005082F7 /* Resources */,
			);
			buildRules = (
			);
			dependencies = (
				2707B2351D0938C8005082F7 /* PBXTargetDependency */,
			);
			name = ChallengeOneTests;
			productName = ChallengeOneTests;
			productReference = 2707B2331D0938C8005082F7 /* ChallengeOneTests.xctest */;
			productType = "com.apple.product-type.bundle.unit-test";
		};
/* End PBXNativeTarget section */

/* Begin PBXProject section */
		2707B2121D0938C8005082F7 /* Project object */ = {
			isa = PBXProject;
			attributes = {
				LastUpgradeCheck = 0730;
				ORGANIZATIONNAME = "Praneet Jain";
				TargetAttributes = {
					2707B2191D0938C8005082F7 = {
						CreatedOnToolsVersion = 7.3.1;
					};
					2707B2321D0938C8005082F7 = {
						CreatedOnToolsVersion = 7.3.1;
						TestTargetID = 2707B2191D0938C8005082F7;
					};
				};
			};
			buildConfigurationList = 2707B2151D0938C8005082F7 /* Build configuration list for PBXProject "ChallengeOne" */;
			compatibilityVersion = "Xcode 3.2";
			developmentRegion = English;
			hasScannedForEncodings = 0;
			knownRegions = (
				en,
				Base,
			);
			mainGroup = 2707B2111D0938C8005082F7;
			productRefGroup = 2707B21B1D0938C8005082F7 /* Products */;
			projectDirPath = "";
			projectRoot = "";
			targets = (
				2707B2191D0938C8005082F7 /* ChallengeOne */,
				2707B2321D0938C8005082F7 /* ChallengeOneTests */,
			);
		};
/* End PBXProject section */

/* Begin PBXResourcesBuildPhase section */
		2707B2181D0938C8005082F7 /* Resources */ = {
			isa = PBXResourcesBuildPhase;
			buildActionMask = 2147483647;
			files = (
				2707B2451D09459A005082F7 /* GuideCell.xib in Resources */,
				2707B22A1D0938C8005082F7 /* Assets.xcassets in Resources */,
				2707B2281D0938C8005082F7 /* Main.storyboard in Resources */,
			);
			runOnlyForDeploymentPostprocessing = 0;
		};
		2707B2311D0938C8005082F7 /* Resources */ = {
			isa = PBXResourcesBuildPhase;
			buildActionMask = 2147483647;
			files = (
			);
			runOnlyForDeploymentPostprocessing = 0;
		};
/* End PBXResourcesBuildPhase section */

/* Begin PBXShellScriptBuildPhase section */
		283E888AD081EA25D7763512 /* Embed Pods Frameworks */ = {
			isa = PBXShellScriptBuildPhase;
			buildActionMask = 2147483647;
			files = (
			);
			inputPaths = (
			);
			name = "Embed Pods Frameworks";
			outputPaths = (
			);
			runOnlyForDeploymentPostprocessing = 0;
			shellPath = /bin/sh;
			shellScript = "\"${SRCROOT}/Pods/Target Support Files/Pods-ChallengeOne/Pods-ChallengeOne-frameworks.sh\"\n";
			showEnvVarsInLog = 0;
		};
		4892EE4E915AE24968E36277 /* Copy Pods Resources */ = {
			isa = PBXShellScriptBuildPhase;
			buildActionMask = 2147483647;
			files = (
			);
			inputPaths = (
			);
			name = "Copy Pods Resources";
			outputPaths = (
			);
			runOnlyForDeploymentPostprocessing = 0;
			shellPath = /bin/sh;
			shellScript = "\"${SRCROOT}/Pods/Target Support Files/Pods-ChallengeOne/Pods-ChallengeOne-resources.sh\"\n";
			showEnvVarsInLog = 0;
		};
		656513EC1BC7E6BA55DE0554 /* Check Pods Manifest.lock */ = {
			isa = PBXShellScriptBuildPhase;
			buildActionMask = 2147483647;
			files = (
			);
			inputPaths = (
			);
			name = "Check Pods Manifest.lock";
			outputPaths = (
			);
			runOnlyForDeploymentPostprocessing = 0;
			shellPath = /bin/sh;
			shellScript = "diff \"${PODS_ROOT}/../Podfile.lock\" \"${PODS_ROOT}/Manifest.lock\" > /dev/null\nif [[ $? != 0 ]] ; then\n    cat << EOM\nerror: The sandbox is not in sync with the Podfile.lock. Run 'pod install' or update your CocoaPods installation.\nEOM\n    exit 1\nfi\n";
			showEnvVarsInLog = 0;
		};
/* End PBXShellScriptBuildPhase section */

/* Begin PBXSourcesBuildPhase section */
		2707B2161D0938C8005082F7 /* Sources */ = {
			isa = PBXSourcesBuildPhase;
			buildActionMask = 2147483647;
			files = (
				2707B2481D094639005082F7 /* GuideCell.m in Sources */,
				2707B2251D0938C8005082F7 /* GuideViewController.m in Sources */,
				2707B24B1D094CC8005082F7 /* Guide.m in Sources */,
				2707B2221D0938C8005082F7 /* AppDelegate.m in Sources */,
				2707B21F1D0938C8005082F7 /* main.m in Sources */,
			);
			runOnlyForDeploymentPostprocessing = 0;
		};
		2707B22F1D0938C8005082F7 /* Sources */ = {
			isa = PBXSourcesBuildPhase;
			buildActionMask = 2147483647;
			files = (
				2707B2381D0938C8005082F7 /* ChallengeOneTests.m in Sources */,
			);
			runOnlyForDeploymentPostprocessing = 0;
		};
/* End PBXSourcesBuildPhase section */

/* Begin PBXTargetDependency section */
		2707B2351D0938C8005082F7 /* PBXTargetDependency */ = {
			isa = PBXTargetDependency;
			target = 2707B2191D0938C8005082F7 /* ChallengeOne */;
			targetProxy = 2707B2341D0938C8005082F7 /* PBXContainerItemProxy */;
		};
/* End PBXTargetDependency section */

/* Begin PBXVariantGroup section */
		2707B2261D0938C8005082F7 /* Main.storyboard */ = {
			isa = PBXVariantGroup;
			children = (
				2707B2271D0938C8005082F7 /* Base */,
			);
			name = Main.storyboard;
			sourceTree = "<group>";
		};
/* End PBXVariantGroup section */

/* Begin XCBuildConfiguration section */
		2707B23A1D0938C8005082F7 /* Debug */ = {
			isa = XCBuildConfiguration;
			buildSettings = {
				ALWAYS_SEARCH_USER_PATHS = NO;
				CLANG_ANALYZER_NONNULL = YES;
				CLANG_CXX_LANGUAGE_STANDARD = "gnu++0x";
				CLANG_CXX_LIBRARY = "libc++";
				CLANG_ENABLE_MODULES = YES;
				CLANG_ENABLE_OBJC_ARC = YES;
				CLANG_WARN_BOOL_CONVERSION = YES;
				CLANG_WARN_CONSTANT_CONVERSION = YES;
				CLANG_WARN_DIRECT_OBJC_ISA_USAGE = YES_ERROR;
				CLANG_WARN_EMPTY_BODY = YES;
				CLANG_WARN_ENUM_CONVERSION = YES;
				CLANG_WARN_INT_CONVERSION = YES;
				CLANG_WARN_OBJC_ROOT_CLASS = YES_ERROR;
				CLANG_WARN_UNREACHABLE_CODE = YES;
				CLANG_WARN__DUPLICATE_METHOD_MATCH = YES;
				"CODE_SIGN_IDENTITY[sdk=iphoneos*]" = "iPhone Developer";
				COPY_PHASE_STRIP = NO;
				DEBUG_INFORMATION_FORMAT = dwarf;
				ENABLE_STRICT_OBJC_MSGSEND = YES;
				ENABLE_TESTABILITY = YES;
				GCC_C_LANGUAGE_STANDARD = gnu99;
				GCC_DYNAMIC_NO_PIC = NO;
				GCC_NO_COMMON_BLOCKS = YES;
				GCC_OPTIMIZATION_LEVEL = 0;
				GCC_PREPROCESSOR_DEFINITIONS = (
					"DEBUG=1",
					"$(inherited)",
				);
				GCC_WARN_64_TO_32_BIT_CONVERSION = YES;
				GCC_WARN_ABOUT_RETURN_TYPE = YES_ERROR;
				GCC_WARN_UNDECLARED_SELECTOR = YES;
				GCC_WARN_UNINITIALIZED_AUTOS = YES_AGGRESSIVE;
				GCC_WARN_UNUSED_FUNCTION = YES;
				GCC_WARN_UNUSED_VARIABLE = YES;
				IPHONEOS_DEPLOYMENT_TARGET = 9.3;
				MTL_ENABLE_DEBUG_INFO = YES;
				ONLY_ACTIVE_ARCH = YES;
				SDKROOT = iphoneos;
				TARGETED_DEVICE_FAMILY = "1,2";
			};
			name = Debug;
		};
		2707B23B1D0938C8005082F7 /* Release */ = {
			isa = XCBuildConfiguration;
			buildSettings = {
				ALWAYS_SEARCH_USER_PATHS = NO;
				CLANG_ANALYZER_NONNULL = YES;
				CLANG_CXX_LANGUAGE_STANDARD = "gnu++0x";
				CLANG_CXX_LIBRARY = "libc++";
				CLANG_ENABLE_MODULES = YES;
				CLANG_ENABLE_OBJC_ARC = YES;
				CLANG_WARN_BOOL_CONVERSION = YES;
				CLANG_WARN_CONSTANT_CONVERSION = YES;
				CLANG_WARN_DIRECT_OBJC_ISA_USAGE = YES_ERROR;
				CLANG_WARN_EMPTY_BODY = YES;
				CLANG_WARN_ENUM_CONVERSION = YES;
				CLANG_WARN_INT_CONVERSION = YES;
				CLANG_WARN_OBJC_ROOT_CLASS = YES_ERROR;
				CLANG_WARN_UNREACHABLE_CODE = YES;
				CLANG_WARN__DUPLICATE_METHOD_MATCH = YES;
				"CODE_SIGN_IDENTITY[sdk=iphoneos*]" = "iPhone Developer";
				COPY_PHASE_STRIP = NO;
				DEBUG_INFORMATION_FORMAT = "dwarf-with-dsym";
				ENABLE_NS_ASSERTIONS = NO;
				ENABLE_STRICT_OBJC_MSGSEND = YES;
				GCC_C_LANGUAGE_STANDARD = gnu99;
				GCC_NO_COMMON_BLOCKS = YES;
				GCC_WARN_64_TO_32_BIT_CONVERSION = YES;
				GCC_WARN_ABOUT_RETURN_TYPE = YES_ERROR;
				GCC_WARN_UNDECLARED_SELECTOR = YES;
				GCC_WARN_UNINITIALIZED_AUTOS = YES_AGGRESSIVE;
				GCC_WARN_UNUSED_FUNCTION = YES;
				GCC_WARN_UNUSED_VARIABLE = YES;
				IPHONEOS_DEPLOYMENT_TARGET = 9.3;
				MTL_ENABLE_DEBUG_INFO = NO;
				SDKROOT = iphoneos;
				TARGETED_DEVICE_FAMILY = "1,2";
				VALIDATE_PRODUCT = YES;
			};
			name = Release;
		};
		2707B23D1D0938C8005082F7 /* Debug */ = {
			isa = XCBuildConfiguration;
			baseConfigurationReference = 28584121E6F959921BB168B7 /* Pods-ChallengeOne.debug.xcconfig */;
			buildSettings = {
				ASSETCATALOG_COMPILER_APPICON_NAME = AppIcon;
				INFOPLIST_FILE = ChallengeOne/Info.plist;
				LD_RUNPATH_SEARCH_PATHS = "$(inherited) @executable_path/Frameworks";
				PRODUCT_BUNDLE_IDENTIFIER = com.example.praneet.ChallengeOne;
				PRODUCT_NAME = "$(TARGET_NAME)";
			};
			name = Debug;
		};
		2707B23E1D0938C8005082F7 /* Release */ = {
			isa = XCBuildConfiguration;
			baseConfigurationReference = BA993E8F20FFD75A406A407B /* Pods-ChallengeOne.release.xcconfig */;
			buildSettings = {
				ASSETCATALOG_COMPILER_APPICON_NAME = AppIcon;
				INFOPLIST_FILE = ChallengeOne/Info.plist;
				LD_RUNPATH_SEARCH_PATHS = "$(inherited) @executable_path/Frameworks";
				PRODUCT_BUNDLE_IDENTIFIER = com.example.praneet.ChallengeOne;
				PRODUCT_NAME = "$(TARGET_NAME)";
			};
			name = Release;
		};
		2707B2401D0938C8005082F7 /* Debug */ = {
			isa = XCBuildConfiguration;
			buildSettings = {
				BUNDLE_LOADER = "$(TEST_HOST)";
				INFOPLIST_FILE = ChallengeOneTests/Info.plist;
				LD_RUNPATH_SEARCH_PATHS = "$(inherited) @executable_path/Frameworks @loader_path/Frameworks";
				PRODUCT_BUNDLE_IDENTIFIER = com.example.praneet.ChallengeOneTests;
				PRODUCT_NAME = "$(TARGET_NAME)";
				TEST_HOST = "$(BUILT_PRODUCTS_DIR)/ChallengeOne.app/ChallengeOne";
			};
			name = Debug;
		};
		2707B2411D0938C8005082F7 /* Release */ = {
			isa = XCBuildConfiguration;
			buildSettings = {
				BUNDLE_LOADER = "$(TEST_HOST)";
				INFOPLIST_FILE = ChallengeOneTests/Info.plist;
				LD_RUNPATH_SEARCH_PATHS = "$(inherited) @executable_path/Frameworks @loader_path/Frameworks";
				PRODUCT_BUNDLE_IDENTIFIER = com.example.praneet.ChallengeOneTests;
				PRODUCT_NAME = "$(TARGET_NAME)";
				TEST_HOST = "$(BUILT_PRODUCTS_DIR)/ChallengeOne.app/ChallengeOne";
			};
			name = Release;
		};
/* End XCBuildConfiguration section */

/* Begin XCConfigurationList section */
		2707B2151D0938C8005082F7 /* Build configuration list for PBXProject "ChallengeOne" */ = {
			isa = XCConfigurationList;
			buildConfigurations = (
				2707B23A1D0938C8005082F7 /* Debug */,
				2707B23B1D0938C8005082F7 /* Release */,
			);
			defaultConfigurationIsVisible = 0;
			defaultConfigurationName = Release;
		};
		2707B23C1D0938C8005082F7 /* Build configuration list for PBXNativeTarget "ChallengeOne" */ = {
			isa = XCConfigurationList;
			buildConfigurations = (
				2707B23D1D0938C8005082F7 /* Debug */,
				2707B23E1D0938C8005082F7 /* Release */,
			);
			defaultConfigurationIsVisible = 0;
			defaultConfigurationName = Release;
		};
		2707B23F1D0938C8005082F7 /* Build configuration list for PBXNativeTarget "ChallengeOneTests" */ = {
			isa = XCConfigurationList;
			buildConfigurations = (
				2707B2401D0938C8005082F7 /* Debug */,
				2707B2411D0938C8005082F7 /* Release */,
			);
			defaultConfigurationIsVisible = 0;
			defaultConfigurationName = Release;
		};
/* End XCConfigurationList section */
	};
	rootObject = 2707B2121D0938C8005082F7 /* Project object */;
}
